
Microsoft Visual Studio Solution File, Format Version 12.00
# Visual Studio Version 17
VisualStudioVersion = 17.1.32228.430
MinimumVisualStudioVersion = 10.0.40219.1
Project("{9A19103F-16F7-4668-BE54-9A1E7A4F7556}") = "BADSYS", "BADSYS\BADSYS.csproj", "{F4BFEFCD-F208-43B3-9DE0-52ABAE9B71F9}"
EndProject
Project("{9A19103F-16F7-4668-BE54-9A1E7A4F7556}") = "DAL", "DAL\DAL.csproj", "{A16F2AD1-AF66-4CBB-960A-2F2215E7BDAB}"
EndProject
Project("{9A19103F-16F7-4668-BE54-9A1E7A4F7556}") = "DLL", "DLL\DLL.csproj", "{433BCD13-1FAB-4E1D-B68E-D2B709359ED5}"
EndProject
Project("{9A19103F-16F7-4668-BE54-9A1E7A4F7556}") = "Models", "Models\Models.csproj", "{5C6B2714-2800-479E-A15E-8932940D46E7}"
EndProject
Project("{9A19103F-16F7-4668-BE54-9A1E7A4F7556}") = "UnitTest", "UnitTest\UnitTest.csproj", "{A19B3E7F-0DE1-430C-9DB5-E2D3CD60142E}"
EndProject
Project("{FAE04EC0-301F-11D3-BF4B-00C04F79EFBC}") = "WindowsForms", "WindowsForms\WindowsForms.csproj", "{B224CB64-BC47-42A1-BEEB-E04225F906D1}"
EndProject
Global
	GlobalSection(SolutionConfigurationPlatforms) = preSolution
		Debug|Any CPU = Debug|Any CPU
		Release|Any CPU = Release|Any CPU
	EndGlobalSection
	GlobalSection(ProjectConfigurationPlatforms) = postSolution
		{F4BFEFCD-F208-43B3-9DE0-52ABAE9B71F9}.Debug|Any CPU.ActiveCfg = Debug|Any CPU
		{F4BFEFCD-F208-43B3-9DE0-52ABAE9B71F9}.Debug|Any CPU.Build.0 = Debug|Any CPU
		{F4BFEFCD-F208-43B3-9DE0-52ABAE9B71F9}.Release|Any CPU.ActiveCfg = Release|Any CPU
		{F4BFEFCD-F208-43B3-9DE0-52ABAE9B71F9}.Release|Any CPU.Build.0 = Release|Any CPU
		{A16F2AD1-AF66-4CBB-960A-2F2215E7BDAB}.Debug|Any CPU.ActiveCfg = Debug|Any CPU
		{A16F2AD1-AF66-4CBB-960A-2F2215E7BDAB}.Debug|Any CPU.Build.0 = Debug|Any CPU
		{A16F2AD1-AF66-4CBB-960A-2F2215E7BDAB}.Release|Any CPU.ActiveCfg = Release|Any CPU
		{A16F2AD1-AF66-4CBB-960A-2F2215E7BDAB}.Release|Any CPU.Build.0 = Release|Any CPU
		{433BCD13-1FAB-4E1D-B68E-D2B709359ED5}.Debug|Any CPU.ActiveCfg = Debug|Any CPU
		{433BCD13-1FAB-4E1D-B68E-D2B709359ED5}.Debug|Any CPU.Build.0 = Debug|Any CPU
		{433BCD13-1FAB-4E1D-B68E-D2B709359ED5}.Release|Any CPU.ActiveCfg = Release|Any CPU
		{433BCD13-1FAB-4E1D-B68E-D2B709359ED5}.Release|Any CPU.Build.0 = Release|Any CPU
		{5C6B2714-2800-479E-A15E-8932940D46E7}.Debug|Any CPU.ActiveCfg = Debug|Any CPU
		{5C6B2714-2800-479E-A15E-8932940D46E7}.Debug|Any CPU.Build.0 = Debug|Any CPU
		{5C6B2714-2800-479E-A15E-8932940D46E7}.Release|Any CPU.ActiveCfg = Release|Any CPU
		{5C6B2714-2800-479E-A15E-8932940D46E7}.Release|Any CPU.Build.0 = Release|Any CPU
		{A19B3E7F-0DE1-430C-9DB5-E2D3CD60142E}.Debug|Any CPU.ActiveCfg = Debug|Any CPU
		{A19B3E7F-0DE1-430C-9DB5-E2D3CD60142E}.Debug|Any CPU.Build.0 = Debug|Any CPU
		{A19B3E7F-0DE1-430C-9DB5-E2D3CD60142E}.Release|Any CPU.ActiveCfg = Release|Any CPU
		{A19B3E7F-0DE1-430C-9DB5-E2D3CD60142E}.Release|Any CPU.Build.0 = Release|Any CPU
		{B224CB64-BC47-42A1-BEEB-E04225F906D1}.Debug|Any CPU.ActiveCfg = Debug|Any CPU
		{B224CB64-BC47-42A1-BEEB-E04225F906D1}.Debug|Any CPU.Build.0 = Debug|Any CPU
		{B224CB64-BC47-42A1-BEEB-E04225F906D1}.Release|Any CPU.ActiveCfg = Release|Any CPU
		{B224CB64-BC47-42A1-BEEB-E04225F906D1}.Release|Any CPU.Build.0 = Release|Any CPU
	EndGlobalSection
	GlobalSection(SolutionProperties) = preSolution
		HideSolutionNode = FALSE
	EndGlobalSection
	GlobalSection(ExtensibilityGlobals) = postSolution
		SolutionGuid = {7999A2D6-C9CC-4E33-A9BE-6045895D4D36}
	EndGlobalSection
EndGlobal
